
Microsoft Visual Studio Solution File, Format Version 12.00
# Visual Studio 15
VisualStudioVersion = 15.0.27428.2037
MinimumVisualStudioVersion = 10.0.40219.1
Project("{9A19103F-16F7-4668-BE54-9A1E7A4F7556}") = "nsync", "nativecode-sync\nsync.csproj", "{60B6DBC9-50DB-45D0-8EEC-78589A37AE0B}"
EndProject
Project("{9A19103F-16F7-4668-BE54-9A1E7A4F7556}") = "NativeCode.Posteio", "NativeCode.Posteio\NativeCode.Posteio.csproj", "{00ABA1B5-73CD-41D2-AC79-F8CFE59E7D1C}"
EndProject
Project("{9A19103F-16F7-4668-BE54-9A1E7A4F7556}") = "NativeCode.Core", "NativeCode.Core\NativeCode.Core.csproj", "{1C9C3191-AEFE-47F0-9ED4-6EEFB1CE1374}"
EndProject
Project("{9A19103F-16F7-4668-BE54-9A1E7A4F7556}") = "nsync-api", "nsync-api\nsync-api.csproj", "{E354A9F7-059E-4990-B622-DE083DEDADFD}"
EndProject
Project("{E53339B2-1760-4266-BCC7-CA923CBCF16C}") = "docker-compose", "docker-compose.dcproj", "{BC3D0756-A828-4B88-9EBC-57CC7D8B7521}"
EndProject
Project("{9A19103F-16F7-4668-BE54-9A1E7A4F7556}") = "NativeCode.Sync.Models", "NativeCode.Sync.Models\NativeCode.Sync.Models.csproj", "{193B0CE2-2BD3-454A-980E-7E1AB01F92B3}"
EndProject
Project("{9A19103F-16F7-4668-BE54-9A1E7A4F7556}") = "NativeCode.Sync.Data", "NativeCode.Sync.Data\NativeCode.Sync.Data.csproj", "{970DE7B8-1A7E-4DDE-9285-389E504CCF7F}"
EndProject
Project("{9A19103F-16F7-4668-BE54-9A1E7A4F7556}") = "NativeCode.Data", "NativeCode.Data\NativeCode.Data.csproj", "{6955597C-7097-4486-A9CE-D60F8A844782}"
EndProject
Global
	GlobalSection(SolutionConfigurationPlatforms) = preSolution
		Debug|Any CPU = Debug|Any CPU
		Release|Any CPU = Release|Any CPU
	EndGlobalSection
	GlobalSection(ProjectConfigurationPlatforms) = postSolution
		{60B6DBC9-50DB-45D0-8EEC-78589A37AE0B}.Debug|Any CPU.ActiveCfg = Debug|Any CPU
		{60B6DBC9-50DB-45D0-8EEC-78589A37AE0B}.Debug|Any CPU.Build.0 = Debug|Any CPU
		{60B6DBC9-50DB-45D0-8EEC-78589A37AE0B}.Release|Any CPU.ActiveCfg = Release|Any CPU
		{60B6DBC9-50DB-45D0-8EEC-78589A37AE0B}.Release|Any CPU.Build.0 = Release|Any CPU
		{00ABA1B5-73CD-41D2-AC79-F8CFE59E7D1C}.Debug|Any CPU.ActiveCfg = Debug|Any CPU
		{00ABA1B5-73CD-41D2-AC79-F8CFE59E7D1C}.Debug|Any CPU.Build.0 = Debug|Any CPU
		{00ABA1B5-73CD-41D2-AC79-F8CFE59E7D1C}.Release|Any CPU.ActiveCfg = Release|Any CPU
		{00ABA1B5-73CD-41D2-AC79-F8CFE59E7D1C}.Release|Any CPU.Build.0 = Release|Any CPU
		{1C9C3191-AEFE-47F0-9ED4-6EEFB1CE1374}.Debug|Any CPU.ActiveCfg = Debug|Any CPU
		{1C9C3191-AEFE-47F0-9ED4-6EEFB1CE1374}.Debug|Any CPU.Build.0 = Debug|Any CPU
		{1C9C3191-AEFE-47F0-9ED4-6EEFB1CE1374}.Release|Any CPU.ActiveCfg = Release|Any CPU
		{1C9C3191-AEFE-47F0-9ED4-6EEFB1CE1374}.Release|Any CPU.Build.0 = Release|Any CPU
		{E354A9F7-059E-4990-B622-DE083DEDADFD}.Debug|Any CPU.ActiveCfg = Debug|Any CPU
		{E354A9F7-059E-4990-B622-DE083DEDADFD}.Debug|Any CPU.Build.0 = Debug|Any CPU
		{E354A9F7-059E-4990-B622-DE083DEDADFD}.Release|Any CPU.ActiveCfg = Release|Any CPU
		{E354A9F7-059E-4990-B622-DE083DEDADFD}.Release|Any CPU.Build.0 = Release|Any CPU
		{BC3D0756-A828-4B88-9EBC-57CC7D8B7521}.Debug|Any CPU.ActiveCfg = Debug|Any CPU
		{BC3D0756-A828-4B88-9EBC-57CC7D8B7521}.Debug|Any CPU.Build.0 = Debug|Any CPU
		{BC3D0756-A828-4B88-9EBC-57CC7D8B7521}.Release|Any CPU.ActiveCfg = Release|Any CPU
		{BC3D0756-A828-4B88-9EBC-57CC7D8B7521}.Release|Any CPU.Build.0 = Release|Any CPU
		{193B0CE2-2BD3-454A-980E-7E1AB01F92B3}.Debug|Any CPU.ActiveCfg = Debug|Any CPU
		{193B0CE2-2BD3-454A-980E-7E1AB01F92B3}.Debug|Any CPU.Build.0 = Debug|Any CPU
		{193B0CE2-2BD3-454A-980E-7E1AB01F92B3}.Release|Any CPU.ActiveCfg = Release|Any CPU
		{193B0CE2-2BD3-454A-980E-7E1AB01F92B3}.Release|Any CPU.Build.0 = Release|Any CPU
		{970DE7B8-1A7E-4DDE-9285-389E504CCF7F}.Debug|Any CPU.ActiveCfg = Debug|Any CPU
		{970DE7B8-1A7E-4DDE-9285-389E504CCF7F}.Debug|Any CPU.Build.0 = Debug|Any CPU
		{970DE7B8-1A7E-4DDE-9285-389E504CCF7F}.Release|Any CPU.ActiveCfg = Release|Any CPU
		{970DE7B8-1A7E-4DDE-9285-389E504CCF7F}.Release|Any CPU.Build.0 = Release|Any CPU
		{6955597C-7097-4486-A9CE-D60F8A844782}.Debug|Any CPU.ActiveCfg = Debug|Any CPU
		{6955597C-7097-4486-A9CE-D60F8A844782}.Debug|Any CPU.Build.0 = Debug|Any CPU
		{6955597C-7097-4486-A9CE-D60F8A844782}.Release|Any CPU.ActiveCfg = Release|Any CPU
		{6955597C-7097-4486-A9CE-D60F8A844782}.Release|Any CPU.Build.0 = Release|Any CPU
	EndGlobalSection
	GlobalSection(SolutionProperties) = preSolution
		HideSolutionNode = FALSE
	EndGlobalSection
	GlobalSection(ExtensibilityGlobals) = postSolution
		SolutionGuid = {489590FE-8EC3-438D-B14E-F7B65684D449}
	EndGlobalSection
EndGlobal
